<?xml version="1.0" encoding="utf-8"?>
<Project ToolsVersion="4.0" xmlns="http://schemas.microsoft.com/developer/msbuild/2003">
  <ItemGroup>
    <Filter Include="jni">
      <UniqueIdentifier>40b29ef3-844e-4642-822d-69be6f202ec9</UniqueIdentifier>
    </Filter>
    <Filter Include="res">
      <UniqueIdentifier>af352582-7444-4fd0-82f9-35508e8e908b</UniqueIdentifier>
    </Filter>
    <Filter Include="src">
      <UniqueIdentifier>da79d179-ab71-4b61-8936-7109d804f86a</UniqueIdentifier>
    </Filter>
    <Filter Include="res\values">
      <UniqueIdentifier>f7ea0020-f580-47a3-8d6c-033767bb1103</UniqueIdentifier>
    </Filter>
    <Filter Include="src\com">
      <UniqueIdentifier>31d01a7d-80a7-4949-8c3c-84119b202d7e</UniqueIdentifier>
    </Filter>
    <Filter Include="src\com\example">
      <UniqueIdentifier>ce887c0f-231f-4198-824d-a3f03e4fc80c</UniqueIdentifier>
    </Filter>
    <Filter Include="src\com\example\hellojni">
      <UniqueIdentifier>d40c3b5c-f5e4-4f8e-8544-7eb0ef7a3498</UniqueIdentifier>
    </Filter>
  </ItemGroup>
  <ItemGroup>
    <AndroidBuild Include="AndroidManifest.xml" />
    <AndroidBuild Include="res\values\strings.xml">
      <Filter>res\values</Filter>
    </AndroidBuild>
  </ItemGroup>
  <ItemGroup>
    <JCompile Include="src\com\example\hellojni\HelloJni.java">
      <Filter>src\com\example\hellojni</Filter>
    </JCompile>
  </ItemGroup>
  <ItemGroup>
    <ClCompile Include="jni\HelloJni.cpp">
      <Filter>jni</Filter>
    </ClCompile>
    <ClCompile Include="jni\Listeningandroidclient.cpp">
      <Filter>jni</Filter>
    </ClCompile>
    <ClCompile Include="jni\ConnectionBaseAndroid.cpp">
      <Filter>jni</Filter>
    </ClCompile>
  </ItemGroup>
  <ItemGroup>
    <ClInclude Include="jni\Listeningandroidclient.h">
      <Filter>jni</Filter>
    </ClInclude>
    <ClInclude Include="jni\ConnectionBaseAndroid.h">
      <Filter>jni</Filter>
    </ClInclude>
  </ItemGroup>
</Project>