Microsoft Visual Studio Solution File, Format Version 11.00
# Visual Studio 2008

Project("{F514321F-3A83-D6E6-5AC4-B8B9E913A8CC}") = "core-ClientUnity", "Assembly-CSharp.csproj", "{892E25AD-165D-147B-702A-FCF073E1BCAB}"
EndProject
Global
	GlobalSection(SolutionConfigurationPlatforms) = preSolution
		Debug|Any CPU = Debug|Any CPU
		Release|Any CPU = Release|Any CPU
	EndGlobalSection
	GlobalSection(ProjectConfigurationPlatforms) = postSolution
		{892E25AD-165D-147B-702A-FCF073E1BCAB}.Debug|Any CPU.ActiveCfg = Debug|Any CPU
		{892E25AD-165D-147B-702A-FCF073E1BCAB}.Debug|Any CPU.Build.0 = Debug|Any CPU
		{892E25AD-165D-147B-702A-FCF073E1BCAB}.Release|Any CPU.ActiveCfg = Release|Any CPU
		{892E25AD-165D-147B-702A-FCF073E1BCAB}.Release|Any CPU.Build.0 = Release|Any CPU
	EndGlobalSection
	GlobalSection(SolutionProperties) = preSolution
		HideSolutionNode = FALSE
	EndGlobalSection
	GlobalSection(MonoDevelopProperties) = preSolution
		StartupItem = Assembly-CSharp.csproj
	EndGlobalSection
EndGlobal
